
Microsoft Visual Studio Solution File, Format Version 12.00
Project("{FAE04EC0-301F-11D3-BF4B-00C04F79EFBC}") = "crud-dot-net", "crud-dot-net.csproj", "{B58C0502-57DB-44B9-824D-7A6038D55229}"
EndProject
Global
	GlobalSection(SolutionConfigurationPlatforms) = preSolution
		Debug|Any CPU = Debug|Any CPU
		Release|Any CPU = Release|Any CPU
	EndGlobalSection
	GlobalSection(ProjectConfigurationPlatforms) = postSolution
		{B58C0502-57DB-44B9-824D-7A6038D55229}.Debug|Any CPU.ActiveCfg = Debug|Any CPU
		{B58C0502-57DB-44B9-824D-7A6038D55229}.Debug|Any CPU.Build.0 = Debug|Any CPU
		{B58C0502-57DB-44B9-824D-7A6038D55229}.Release|Any CPU.ActiveCfg = Release|Any CPU
		{B58C0502-57DB-44B9-824D-7A6038D55229}.Release|Any CPU.Build.0 = Release|Any CPU
	EndGlobalSection
EndGlobal
